// !$*UTF8*$!
{
	archiveVersion = 1;
	classes = {
	};
	objectVersion = 46;
	objects = {

/* Begin PBXBuildFile section */
		B273647417FE0B21002FE91D /* EIC.png in Resources */ = {isa = PBXBuildFile; fileRef = B273647317FE0B21002FE91D /* EIC.png */; };
		B273647617FE0B63002FE91D /* Medicaid.png in Resources */ = {isa = PBXBuildFile; fileRef = B273647517FE0B63002FE91D /* Medicaid.png */; };
		B273647817FE0BB4002FE91D /* SSN.png in Resources */ = {isa = PBXBuildFile; fileRef = B273647717FE0BB4002FE91D /* SSN.png */; };
		B284FB2217FDC8AA00D8F924 /* IRC1.png in Resources */ = {isa = PBXBuildFile; fileRef = B284FB2117FDC8AA00D8F924 /* IRC1.png */; };
		B284FB2417FDC8B500D8F924 /* IRC1.png in Resources */ = {isa = PBXBuildFile; fileRef = B284FB2317FDC8B500D8F924 /* IRC1.png */; };
		B284FB2817FDC8E200D8F924 /* IRC2.png in Resources */ = {isa = PBXBuildFile; fileRef = B284FB2717FDC8E200D8F924 /* IRC2.png */; };
		B2AEE60B17FD5E3A00FD03A8 /* apptOrgs.plist in Resources */ = {isa = PBXBuildFile; fileRef = B2AEE60A17FD5E3A00FD03A8 /* apptOrgs.plist */; };
		B2C746EC17FB7115009DC472 /* UIKit.framework in Frameworks */ = {isa = PBXBuildFile; fileRef = B2C746EB17FB7115009DC472 /* UIKit.framework */; };
		B2C746EE17FB7115009DC472 /* Foundation.framework in Frameworks */ = {isa = PBXBuildFile; fileRef = B2C746ED17FB7115009DC472 /* Foundation.framework */; };
		B2C746F017FB7115009DC472 /* CoreGraphics.framework in Frameworks */ = {isa = PBXBuildFile; fileRef = B2C746EF17FB7115009DC472 /* CoreGraphics.framework */; };
		B2C746F617FB7115009DC472 /* InfoPlist.strings in Resources */ = {isa = PBXBuildFile; fileRef = B2C746F417FB7115009DC472 /* InfoPlist.strings */; };
		B2C746F817FB7115009DC472 /* main.m in Sources */ = {isa = PBXBuildFile; fileRef = B2C746F717FB7115009DC472 /* main.m */; };
		B2C746FC17FB7115009DC472 /* MADAppDelegate.m in Sources */ = {isa = PBXBuildFile; fileRef = B2C746FB17FB7115009DC472 /* MADAppDelegate.m */; };
		B2C746FE17FB7115009DC472 /* Default.png in Resources */ = {isa = PBXBuildFile; fileRef = B2C746FD17FB7115009DC472 /* Default.png */; };
		B2C7470017FB7115009DC472 /* Default@2x.png in Resources */ = {isa = PBXBuildFile; fileRef = B2C746FF17FB7115009DC472 /* Default@2x.png */; };
		B2C7470217FB7115009DC472 /* Default-568h@2x.png in Resources */ = {isa = PBXBuildFile; fileRef = B2C7470117FB7115009DC472 /* Default-568h@2x.png */; };
		B2C7470517FB7115009DC472 /* MADViewController.m in Sources */ = {isa = PBXBuildFile; fileRef = B2C7470417FB7115009DC472 /* MADViewController.m */; };
		B2C7470817FB7115009DC472 /* MADViewController.xib in Resources */ = {isa = PBXBuildFile; fileRef = B2C7470617FB7115009DC472 /* MADViewController.xib */; };
		B2EB471517FDBDC0006251C2 /* EIN.png in Resources */ = {isa = PBXBuildFile; fileRef = B2EB471417FDBDC0006251C2 /* EIN.png */; };
		B2EB471717FDBF14006251C2 /* dmv.png in Resources */ = {isa = PBXBuildFile; fileRef = B2EB471617FDBF14006251C2 /* dmv.png */; };
		B2EB471917FDBF19006251C2 /* I-94.png in Resources */ = {isa = PBXBuildFile; fileRef = B2EB471817FDBF19006251C2 /* I-94.png */; };
/* End PBXBuildFile section */

/* Begin PBXFileReference section */
		B273647317FE0B21002FE91D /* EIC.png */ = {isa = PBXFileReference; lastKnownFileType = image.png; path = EIC.png; sourceTree = "<group>"; };
		B273647517FE0B63002FE91D /* Medicaid.png */ = {isa = PBXFileReference; lastKnownFileType = image.png; path = Medicaid.png; sourceTree = "<group>"; };
		B273647717FE0BB4002FE91D /* SSN.png */ = {isa = PBXFileReference; lastKnownFileType = image.png; path = SSN.png; sourceTree = "<group>"; };
		B284FB2117FDC8AA00D8F924 /* IRC1.png */ = {isa = PBXFileReference; lastKnownFileType = image.png; path = IRC1.png; sourceTree = "<group>"; };
		B284FB2317FDC8B500D8F924 /* IRC1.png */ = {isa = PBXFileReference; lastKnownFileType = image.png; name = IRC1.png; path = ../IRC1.png; sourceTree = "<group>"; };
		B284FB2717FDC8E200D8F924 /* IRC2.png */ = {isa = PBXFileReference; lastKnownFileType = image.png; name = IRC2.png; path = ../IRC2.png; sourceTree = "<group>"; };
		B2AEE60A17FD5E3A00FD03A8 /* apptOrgs.plist */ = {isa = PBXFileReference; fileEncoding = 4; lastKnownFileType = text.plist.xml; path = apptOrgs.plist; sourceTree = "<group>"; };
		B2C746E817FB7115009DC472 /* ProjectOne.app */ = {isa = PBXFileReference; explicitFileType = wrapper.application; includeInIndex = 0; path = ProjectOne.app; sourceTree = BUILT_PRODUCTS_DIR; };
		B2C746EB17FB7115009DC472 /* UIKit.framework */ = {isa = PBXFileReference; lastKnownFileType = wrapper.framework; name = UIKit.framework; path = System/Library/Frameworks/UIKit.framework; sourceTree = SDKROOT; };
		B2C746ED17FB7115009DC472 /* Foundation.framework */ = {isa = PBXFileReference; lastKnownFileType = wrapper.framework; name = Foundation.framework; path = System/Library/Frameworks/Foundation.framework; sourceTree = SDKROOT; };
		B2C746EF17FB7115009DC472 /* CoreGraphics.framework */ = {isa = PBXFileReference; lastKnownFileType = wrapper.framework; name = CoreGraphics.framework; path = System/Library/Frameworks/CoreGraphics.framework; sourceTree = SDKROOT; };
		B2C746F317FB7115009DC472 /* ProjectOne-Info.plist */ = {isa = PBXFileReference; lastKnownFileType = text.plist.xml; path = "ProjectOne-Info.plist"; sourceTree = "<group>"; };
		B2C746F517FB7115009DC472 /* en */ = {isa = PBXFileReference; lastKnownFileType = text.plist.strings; name = en; path = en.lproj/InfoPlist.strings; sourceTree = "<group>"; };
		B2C746F717FB7115009DC472 /* main.m */ = {isa = PBXFileReference; lastKnownFileType = sourcecode.c.objc; path = main.m; sourceTree = "<group>"; };
		B2C746F917FB7115009DC472 /* ProjectOne-Prefix.pch */ = {isa = PBXFileReference; lastKnownFileType = sourcecode.c.h; path = "ProjectOne-Prefix.pch"; sourceTree = "<group>"; };
		B2C746FA17FB7115009DC472 /* MADAppDelegate.h */ = {isa = PBXFileReference; lastKnownFileType = sourcecode.c.h; path = MADAppDelegate.h; sourceTree = "<group>"; };
		B2C746FB17FB7115009DC472 /* MADAppDelegate.m */ = {isa = PBXFileReference; lastKnownFileType = sourcecode.c.objc; path = MADAppDelegate.m; sourceTree = "<group>"; };
		B2C746FD17FB7115009DC472 /* Default.png */ = {isa = PBXFileReference; lastKnownFileType = image.png; path = Default.png; sourceTree = "<group>"; };
		B2C746FF17FB7115009DC472 /* Default@2x.png */ = {isa = PBXFileReference; lastKnownFileType = image.png; path = "Default@2x.png"; sourceTree = "<group>"; };
		B2C7470117FB7115009DC472 /* Default-568h@2x.png */ = {isa = PBXFileReference; lastKnownFileType = image.png; path = "Default-568h@2x.png"; sourceTree = "<group>"; };
		B2C7470317FB7115009DC472 /* MADViewController.h */ = {isa = PBXFileReference; lastKnownFileType = sourcecode.c.h; path = MADViewController.h; sourceTree = "<group>"; };
		B2C7470417FB7115009DC472 /* MADViewController.m */ = {isa = PBXFileReference; lastKnownFileType = sourcecode.c.objc; path = MADViewController.m; sourceTree = "<group>"; };
		B2C7470717FB7115009DC472 /* en */ = {isa = PBXFileReference; lastKnownFileType = file.xib; name = en; path = en.lproj/MADViewController.xib; sourceTree = "<group>"; };
		B2EB471417FDBDC0006251C2 /* EIN.png */ = {isa = PBXFileReference; lastKnownFileType = image.png; path = EIN.png; sourceTree = "<group>"; };
		B2EB471617FDBF14006251C2 /* dmv.png */ = {isa = PBXFileReference; lastKnownFileType = image.png; path = dmv.png; sourceTree = "<group>"; };
		B2EB471817FDBF19006251C2 /* I-94.png */ = {isa = PBXFileReference; lastKnownFileType = image.png; path = "I-94.png"; sourceTree = "<group>"; };
/* End PBXFileReference section */

/* Begin PBXFrameworksBuildPhase section */
		B2C746E517FB7115009DC472 /* Frameworks */ = {
			isa = PBXFrameworksBuildPhase;
			buildActionMask = 2147483647;
			files = (
				B2C746EC17FB7115009DC472 /* UIKit.framework in Frameworks */,
				B2C746EE17FB7115009DC472 /* Foundation.framework in Frameworks */,
				B2C746F017FB7115009DC472 /* CoreGraphics.framework in Frameworks */,
			);
			runOnlyForDeploymentPostprocessing = 0;
		};
/* End PBXFrameworksBuildPhase section */

/* Begin PBXGroup section */
		B2C746DF17FB7115009DC472 = {
			isa = PBXGroup;
			children = (
				B2C746F117FB7115009DC472 /* ProjectOne */,
				B2C746EA17FB7115009DC472 /* Frameworks */,
				B2C746E917FB7115009DC472 /* Products */,
			);
			sourceTree = "<group>";
		};
		B2C746E917FB7115009DC472 /* Products */ = {
			isa = PBXGroup;
			children = (
				B2C746E817FB7115009DC472 /* ProjectOne.app */,
			);
			name = Products;
			sourceTree = "<group>";
		};
		B2C746EA17FB7115009DC472 /* Frameworks */ = {
			isa = PBXGroup;
			children = (
				B2C746EB17FB7115009DC472 /* UIKit.framework */,
				B2C746ED17FB7115009DC472 /* Foundation.framework */,
				B2C746EF17FB7115009DC472 /* CoreGraphics.framework */,
			);
			name = Frameworks;
			sourceTree = "<group>";
		};
		B2C746F117FB7115009DC472 /* ProjectOne */ = {
			isa = PBXGroup;
			children = (
				B2C746FA17FB7115009DC472 /* MADAppDelegate.h */,
				B2C746FB17FB7115009DC472 /* MADAppDelegate.m */,
				B2C7470317FB7115009DC472 /* MADViewController.h */,
				B2C7470417FB7115009DC472 /* MADViewController.m */,
				B2C7470617FB7115009DC472 /* MADViewController.xib */,
				B2C746F217FB7115009DC472 /* Supporting Files */,
			);
			path = ProjectOne;
			sourceTree = "<group>";
		};
		B2C746F217FB7115009DC472 /* Supporting Files */ = {
			isa = PBXGroup;
			children = (
				B273647717FE0BB4002FE91D /* SSN.png */,
				B273647517FE0B63002FE91D /* Medicaid.png */,
				B273647317FE0B21002FE91D /* EIC.png */,
				B284FB2717FDC8E200D8F924 /* IRC2.png */,
				B284FB2317FDC8B500D8F924 /* IRC1.png */,
				B284FB2117FDC8AA00D8F924 /* IRC1.png */,
				B2EB471817FDBF19006251C2 /* I-94.png */,
				B2EB471417FDBDC0006251C2 /* EIN.png */,
				B2EB471617FDBF14006251C2 /* dmv.png */,
				B2C746F317FB7115009DC472 /* ProjectOne-Info.plist */,
				B2AEE60A17FD5E3A00FD03A8 /* apptOrgs.plist */,
				B2C746F417FB7115009DC472 /* InfoPlist.strings */,
				B2C746F717FB7115009DC472 /* main.m */,
				B2C746F917FB7115009DC472 /* ProjectOne-Prefix.pch */,
				B2C746FD17FB7115009DC472 /* Default.png */,
				B2C746FF17FB7115009DC472 /* Default@2x.png */,
				B2C7470117FB7115009DC472 /* Default-568h@2x.png */,
			);
			name = "Supporting Files";
			sourceTree = "<group>";
		};
/* End PBXGroup section */

/* Begin PBXNativeTarget section */
		B2C746E717FB7115009DC472 /* ProjectOne */ = {
			isa = PBXNativeTarget;
			buildConfigurationList = B2C7470B17FB7115009DC472 /* Build configuration list for PBXNativeTarget "ProjectOne" */;
			buildPhases = (
				B2C746E417FB7115009DC472 /* Sources */,
				B2C746E517FB7115009DC472 /* Frameworks */,
				B2C746E617FB7115009DC472 /* Resources */,
			);
			buildRules = (
			);
			dependencies = (
			);
			name = ProjectOne;
			productName = ProjectOne;
			productReference = B2C746E817FB7115009DC472 /* ProjectOne.app */;
			productType = "com.apple.product-type.application";
		};
/* End PBXNativeTarget section */

/* Begin PBXProject section */
		B2C746E017FB7115009DC472 /* Project object */ = {
			isa = PBXProject;
			attributes = {
				CLASSPREFIX = MAD;
				LastUpgradeCheck = 0460;
				ORGANIZATIONNAME = ATLS;
			};
			buildConfigurationList = B2C746E317FB7115009DC472 /* Build configuration list for PBXProject "ProjectOne" */;
			compatibilityVersion = "Xcode 3.2";
			developmentRegion = English;
			hasScannedForEncodings = 0;
			knownRegions = (
				en,
			);
			mainGroup = B2C746DF17FB7115009DC472;
			productRefGroup = B2C746E917FB7115009DC472 /* Products */;
			projectDirPath = "";
			projectRoot = "";
			targets = (
				B2C746E717FB7115009DC472 /* ProjectOne */,
			);
		};
/* End PBXProject section */

/* Begin PBXResourcesBuildPhase section */
		B2C746E617FB7115009DC472 /* Resources */ = {
			isa = PBXResourcesBuildPhase;
			buildActionMask = 2147483647;
			files = (
				B2C746F617FB7115009DC472 /* InfoPlist.strings in Resources */,
				B2C746FE17FB7115009DC472 /* Default.png in Resources */,
				B2C7470017FB7115009DC472 /* Default@2x.png in Resources */,
				B2C7470217FB7115009DC472 /* Default-568h@2x.png in Resources */,
				B2C7470817FB7115009DC472 /* MADViewController.xib in Resources */,
				B2AEE60B17FD5E3A00FD03A8 /* apptOrgs.plist in Resources */,
				B2EB471517FDBDC0006251C2 /* EIN.png in Resources */,
				B2EB471717FDBF14006251C2 /* dmv.png in Resources */,
				B2EB471917FDBF19006251C2 /* I-94.png in Resources */,
				B284FB2217FDC8AA00D8F924 /* IRC1.png in Resources */,
				B284FB2417FDC8B500D8F924 /* IRC1.png in Resources */,
				B284FB2817FDC8E200D8F924 /* IRC2.png in Resources */,
				B273647417FE0B21002FE91D /* EIC.png in Resources */,
				B273647617FE0B63002FE91D /* Medicaid.png in Resources */,
				B273647817FE0BB4002FE91D /* SSN.png in Resources */,
			);
			runOnlyForDeploymentPostprocessing = 0;
		};
/* End PBXResourcesBuildPhase section */

/* Begin PBXSourcesBuildPhase section */
		B2C746E417FB7115009DC472 /* Sources */ = {
			isa = PBXSourcesBuildPhase;
			buildActionMask = 2147483647;
			files = (
				B2C746F817FB7115009DC472 /* main.m in Sources */,
				B2C746FC17FB7115009DC472 /* MADAppDelegate.m in Sources */,
				B2C7470517FB7115009DC472 /* MADViewController.m in Sources */,
			);
			runOnlyForDeploymentPostprocessing = 0;
		};
/* End PBXSourcesBuildPhase section */

/* Begin PBXVariantGroup section */
		B2C746F417FB7115009DC472 /* InfoPlist.strings */ = {
			isa = PBXVariantGroup;
			children = (
				B2C746F517FB7115009DC472 /* en */,
			);
			name = InfoPlist.strings;
			sourceTree = "<group>";
		};
		B2C7470617FB7115009DC472 /* MADViewController.xib */ = {
			isa = PBXVariantGroup;
			children = (
				B2C7470717FB7115009DC472 /* en */,
			);
			name = MADViewController.xib;
			sourceTree = "<group>";
		};
/* End PBXVariantGroup section */

/* Begin XCBuildConfiguration section */
		B2C7470917FB7115009DC472 /* Debug */ = {
			isa = XCBuildConfiguration;
			buildSettings = {
				ALWAYS_SEARCH_USER_PATHS = NO;
				CLANG_CXX_LANGUAGE_STANDARD = "gnu++0x";
				CLANG_CXX_LIBRARY = "libc++";
				CLANG_ENABLE_OBJC_ARC = YES;
				CLANG_WARN_CONSTANT_CONVERSION = YES;
				CLANG_WARN_EMPTY_BODY = YES;
				CLANG_WARN_ENUM_CONVERSION = YES;
				CLANG_WARN_INT_CONVERSION = YES;
				CLANG_WARN__DUPLICATE_METHOD_MATCH = YES;
				"CODE_SIGN_IDENTITY[sdk=iphoneos*]" = "iPhone Developer";
				COPY_PHASE_STRIP = NO;
				GCC_C_LANGUAGE_STANDARD = gnu99;
				GCC_DYNAMIC_NO_PIC = NO;
				GCC_OPTIMIZATION_LEVEL = 0;
				GCC_PREPROCESSOR_DEFINITIONS = (
					"DEBUG=1",
					"$(inherited)",
				);
				GCC_SYMBOLS_PRIVATE_EXTERN = NO;
				GCC_WARN_ABOUT_RETURN_TYPE = YES;
				GCC_WARN_UNINITIALIZED_AUTOS = YES;
				GCC_WARN_UNUSED_VARIABLE = YES;
				IPHONEOS_DEPLOYMENT_TARGET = 6.1;
				ONLY_ACTIVE_ARCH = YES;
				SDKROOT = iphoneos;
				TARGETED_DEVICE_FAMILY = 2;
			};
			name = Debug;
		};
		B2C7470A17FB7115009DC472 /* Release */ = {
			isa = XCBuildConfiguration;
			buildSettings = {
				ALWAYS_SEARCH_USER_PATHS = NO;
				CLANG_CXX_LANGUAGE_STANDARD = "gnu++0x";
				CLANG_CXX_LIBRARY = "libc++";
				CLANG_ENABLE_OBJC_ARC = YES;
				CLANG_WARN_CONSTANT_CONVERSION = YES;
				CLANG_WARN_EMPTY_BODY = YES;
				CLANG_WARN_ENUM_CONVERSION = YES;
				CLANG_WARN_INT_CONVERSION = YES;
				CLANG_WARN__DUPLICATE_METHOD_MATCH = YES;
				"CODE_SIGN_IDENTITY[sdk=iphoneos*]" = "iPhone Developer";
				COPY_PHASE_STRIP = YES;
				GCC_C_LANGUAGE_STANDARD = gnu99;
				GCC_WARN_ABOUT_RETURN_TYPE = YES;
				GCC_WARN_UNINITIALIZED_AUTOS = YES;
				GCC_WARN_UNUSED_VARIABLE = YES;
				IPHONEOS_DEPLOYMENT_TARGET = 6.1;
				OTHER_CFLAGS = "-DNS_BLOCK_ASSERTIONS=1";
				SDKROOT = iphoneos;
				TARGETED_DEVICE_FAMILY = 2;
				VALIDATE_PRODUCT = YES;
			};
			name = Release;
		};
		B2C7470C17FB7115009DC472 /* Debug */ = {
			isa = XCBuildConfiguration;
			buildSettings = {
				GCC_PRECOMPILE_PREFIX_HEADER = YES;
				GCC_PREFIX_HEADER = "ProjectOne/ProjectOne-Prefix.pch";
				INFOPLIST_FILE = "ProjectOne/ProjectOne-Info.plist";
				PRODUCT_NAME = "$(TARGET_NAME)";
				WRAPPER_EXTENSION = app;
			};
			name = Debug;
		};
		B2C7470D17FB7115009DC472 /* Release */ = {
			isa = XCBuildConfiguration;
			buildSettings = {
				GCC_PRECOMPILE_PREFIX_HEADER = YES;
				GCC_PREFIX_HEADER = "ProjectOne/ProjectOne-Prefix.pch";
				INFOPLIST_FILE = "ProjectOne/ProjectOne-Info.plist";
				PRODUCT_NAME = "$(TARGET_NAME)";
				WRAPPER_EXTENSION = app;
			};
			name = Release;
		};
/* End XCBuildConfiguration section */

/* Begin XCConfigurationList section */
		B2C746E317FB7115009DC472 /* Build configuration list for PBXProject "ProjectOne" */ = {
			isa = XCConfigurationList;
			buildConfigurations = (
				B2C7470917FB7115009DC472 /* Debug */,
				B2C7470A17FB7115009DC472 /* Release */,
			);
			defaultConfigurationIsVisible = 0;
			defaultConfigurationName = Release;
		};
		B2C7470B17FB7115009DC472 /* Build configuration list for PBXNativeTarget "ProjectOne" */ = {
			isa = XCConfigurationList;
			buildConfigurations = (
				B2C7470C17FB7115009DC472 /* Debug */,
				B2C7470D17FB7115009DC472 /* Release */,
			);
			defaultConfigurationIsVisible = 0;
			defaultConfigurationName = Release;
		};
/* End XCConfigurationList section */
	};
	rootObject = B2C746E017FB7115009DC472 /* Project object */;
}
