// !$*UTF8*$!
{
	archiveVersion = 1;
	classes = {
	};
	objectVersion = 46;
	objects = {

/* Begin PBXBuildFile section */
		1186D2D91816D210000DF33C /* UIKit.framework in Frameworks */ = {isa = PBXBuildFile; fileRef = 1186D2D81816D210000DF33C /* UIKit.framework */; };
		1186D2DB1816D210000DF33C /* Foundation.framework in Frameworks */ = {isa = PBXBuildFile; fileRef = 1186D2DA1816D210000DF33C /* Foundation.framework */; };
		1186D2DD1816D210000DF33C /* CoreGraphics.framework in Frameworks */ = {isa = PBXBuildFile; fileRef = 1186D2DC1816D210000DF33C /* CoreGraphics.framework */; };
		1186D2E31816D210000DF33C /* InfoPlist.strings in Resources */ = {isa = PBXBuildFile; fileRef = 1186D2E11816D210000DF33C /* InfoPlist.strings */; };
		1186D2E51816D210000DF33C /* main.m in Sources */ = {isa = PBXBuildFile; fileRef = 1186D2E41816D210000DF33C /* main.m */; };
		1186D2E91816D210000DF33C /* MADAppDelegate.m in Sources */ = {isa = PBXBuildFile; fileRef = 1186D2E81816D210000DF33C /* MADAppDelegate.m */; };
		1186D2EB1816D210000DF33C /* Default.png in Resources */ = {isa = PBXBuildFile; fileRef = 1186D2EA1816D210000DF33C /* Default.png */; };
		1186D2ED1816D210000DF33C /* Default@2x.png in Resources */ = {isa = PBXBuildFile; fileRef = 1186D2EC1816D210000DF33C /* Default@2x.png */; };
		1186D2EF1816D210000DF33C /* Default-568h@2x.png in Resources */ = {isa = PBXBuildFile; fileRef = 1186D2EE1816D210000DF33C /* Default-568h@2x.png */; };
		1186D2F21816D210000DF33C /* MainStoryboard.storyboard in Resources */ = {isa = PBXBuildFile; fileRef = 1186D2F01816D210000DF33C /* MainStoryboard.storyboard */; };
		1186D2F51816D210000DF33C /* MADViewController.m in Sources */ = {isa = PBXBuildFile; fileRef = 1186D2F41816D210000DF33C /* MADViewController.m */; };
		1186D2FC1816D2C0000DF33C /* icon.png in Resources */ = {isa = PBXBuildFile; fileRef = 1186D2FB1816D2C0000DF33C /* icon.png */; };
		1186D2FE1816D2C4000DF33C /* icon2.png in Resources */ = {isa = PBXBuildFile; fileRef = 1186D2FD1816D2C4000DF33C /* icon2.png */; };
		1186D3001816D323000DF33C /* scrabbletile30.png in Resources */ = {isa = PBXBuildFile; fileRef = 1186D2FF1816D323000DF33C /* scrabbletile30.png */; };
		1186D3021816D337000DF33C /* qwordswithoutu1.plist in Resources */ = {isa = PBXBuildFile; fileRef = 1186D3011816D337000DF33C /* qwordswithoutu1.plist */; };
		1186D3041816D341000DF33C /* qwordswithoutu2.plist in Resources */ = {isa = PBXBuildFile; fileRef = 1186D3031816D341000DF33C /* qwordswithoutu2.plist */; };
/* End PBXBuildFile section */

/* Begin PBXFileReference section */
		1186D2D51816D210000DF33C /* ScrabbleQ.app */ = {isa = PBXFileReference; explicitFileType = wrapper.application; includeInIndex = 0; path = ScrabbleQ.app; sourceTree = BUILT_PRODUCTS_DIR; };
		1186D2D81816D210000DF33C /* UIKit.framework */ = {isa = PBXFileReference; lastKnownFileType = wrapper.framework; name = UIKit.framework; path = System/Library/Frameworks/UIKit.framework; sourceTree = SDKROOT; };
		1186D2DA1816D210000DF33C /* Foundation.framework */ = {isa = PBXFileReference; lastKnownFileType = wrapper.framework; name = Foundation.framework; path = System/Library/Frameworks/Foundation.framework; sourceTree = SDKROOT; };
		1186D2DC1816D210000DF33C /* CoreGraphics.framework */ = {isa = PBXFileReference; lastKnownFileType = wrapper.framework; name = CoreGraphics.framework; path = System/Library/Frameworks/CoreGraphics.framework; sourceTree = SDKROOT; };
		1186D2E01816D210000DF33C /* ScrabbleQ-Info.plist */ = {isa = PBXFileReference; lastKnownFileType = text.plist.xml; path = "ScrabbleQ-Info.plist"; sourceTree = "<group>"; };
		1186D2E21816D210000DF33C /* en */ = {isa = PBXFileReference; lastKnownFileType = text.plist.strings; name = en; path = en.lproj/InfoPlist.strings; sourceTree = "<group>"; };
		1186D2E41816D210000DF33C /* main.m */ = {isa = PBXFileReference; lastKnownFileType = sourcecode.c.objc; path = main.m; sourceTree = "<group>"; };
		1186D2E61816D210000DF33C /* ScrabbleQ-Prefix.pch */ = {isa = PBXFileReference; lastKnownFileType = sourcecode.c.h; path = "ScrabbleQ-Prefix.pch"; sourceTree = "<group>"; };
		1186D2E71816D210000DF33C /* MADAppDelegate.h */ = {isa = PBXFileReference; lastKnownFileType = sourcecode.c.h; path = MADAppDelegate.h; sourceTree = "<group>"; };
		1186D2E81816D210000DF33C /* MADAppDelegate.m */ = {isa = PBXFileReference; lastKnownFileType = sourcecode.c.objc; path = MADAppDelegate.m; sourceTree = "<group>"; };
		1186D2EA1816D210000DF33C /* Default.png */ = {isa = PBXFileReference; lastKnownFileType = image.png; path = Default.png; sourceTree = "<group>"; };
		1186D2EC1816D210000DF33C /* Default@2x.png */ = {isa = PBXFileReference; lastKnownFileType = image.png; path = "Default@2x.png"; sourceTree = "<group>"; };
		1186D2EE1816D210000DF33C /* Default-568h@2x.png */ = {isa = PBXFileReference; lastKnownFileType = image.png; path = "Default-568h@2x.png"; sourceTree = "<group>"; };
		1186D2F11816D210000DF33C /* en */ = {isa = PBXFileReference; lastKnownFileType = file.storyboard; name = en; path = en.lproj/MainStoryboard.storyboard; sourceTree = "<group>"; };
		1186D2F31816D210000DF33C /* MADViewController.h */ = {isa = PBXFileReference; lastKnownFileType = sourcecode.c.h; path = MADViewController.h; sourceTree = "<group>"; };
		1186D2F41816D210000DF33C /* MADViewController.m */ = {isa = PBXFileReference; lastKnownFileType = sourcecode.c.objc; path = MADViewController.m; sourceTree = "<group>"; };
		1186D2FB1816D2C0000DF33C /* icon.png */ = {isa = PBXFileReference; lastKnownFileType = image.png; name = icon.png; path = ../icon.png; sourceTree = "<group>"; };
		1186D2FD1816D2C4000DF33C /* icon2.png */ = {isa = PBXFileReference; lastKnownFileType = image.png; name = icon2.png; path = ../icon2.png; sourceTree = "<group>"; };
		1186D2FF1816D323000DF33C /* scrabbletile30.png */ = {isa = PBXFileReference; lastKnownFileType = image.png; path = scrabbletile30.png; sourceTree = "<group>"; };
		1186D3011816D337000DF33C /* qwordswithoutu1.plist */ = {isa = PBXFileReference; fileEncoding = 4; lastKnownFileType = text.plist.xml; path = qwordswithoutu1.plist; sourceTree = "<group>"; };
		1186D3031816D341000DF33C /* qwordswithoutu2.plist */ = {isa = PBXFileReference; fileEncoding = 4; lastKnownFileType = text.plist.xml; path = qwordswithoutu2.plist; sourceTree = "<group>"; };
/* End PBXFileReference section */

/* Begin PBXFrameworksBuildPhase section */
		1186D2D21816D210000DF33C /* Frameworks */ = {
			isa = PBXFrameworksBuildPhase;
			buildActionMask = 2147483647;
			files = (
				1186D2D91816D210000DF33C /* UIKit.framework in Frameworks */,
				1186D2DB1816D210000DF33C /* Foundation.framework in Frameworks */,
				1186D2DD1816D210000DF33C /* CoreGraphics.framework in Frameworks */,
			);
			runOnlyForDeploymentPostprocessing = 0;
		};
/* End PBXFrameworksBuildPhase section */

/* Begin PBXGroup section */
		1186D2CC1816D210000DF33C = {
			isa = PBXGroup;
			children = (
				1186D2DE1816D210000DF33C /* ScrabbleQ */,
				1186D2D71816D210000DF33C /* Frameworks */,
				1186D2D61816D210000DF33C /* Products */,
			);
			sourceTree = "<group>";
		};
		1186D2D61816D210000DF33C /* Products */ = {
			isa = PBXGroup;
			children = (
				1186D2D51816D210000DF33C /* ScrabbleQ.app */,
			);
			name = Products;
			sourceTree = "<group>";
		};
		1186D2D71816D210000DF33C /* Frameworks */ = {
			isa = PBXGroup;
			children = (
				1186D2D81816D210000DF33C /* UIKit.framework */,
				1186D2DA1816D210000DF33C /* Foundation.framework */,
				1186D2DC1816D210000DF33C /* CoreGraphics.framework */,
			);
			name = Frameworks;
			sourceTree = "<group>";
		};
		1186D2DE1816D210000DF33C /* ScrabbleQ */ = {
			isa = PBXGroup;
			children = (
				1186D2E71816D210000DF33C /* MADAppDelegate.h */,
				1186D2E81816D210000DF33C /* MADAppDelegate.m */,
				1186D2F01816D210000DF33C /* MainStoryboard.storyboard */,
				1186D2F31816D210000DF33C /* MADViewController.h */,
				1186D2F41816D210000DF33C /* MADViewController.m */,
				1186D2DF1816D210000DF33C /* Supporting Files */,
			);
			path = ScrabbleQ;
			sourceTree = "<group>";
		};
		1186D2DF1816D210000DF33C /* Supporting Files */ = {
			isa = PBXGroup;
			children = (
				1186D3031816D341000DF33C /* qwordswithoutu2.plist */,
				1186D2FF1816D323000DF33C /* scrabbletile30.png */,
				1186D3011816D337000DF33C /* qwordswithoutu1.plist */,
				1186D2FD1816D2C4000DF33C /* icon2.png */,
				1186D2FB1816D2C0000DF33C /* icon.png */,
				1186D2E01816D210000DF33C /* ScrabbleQ-Info.plist */,
				1186D2E11816D210000DF33C /* InfoPlist.strings */,
				1186D2E41816D210000DF33C /* main.m */,
				1186D2E61816D210000DF33C /* ScrabbleQ-Prefix.pch */,
				1186D2EA1816D210000DF33C /* Default.png */,
				1186D2EC1816D210000DF33C /* Default@2x.png */,
				1186D2EE1816D210000DF33C /* Default-568h@2x.png */,
			);
			name = "Supporting Files";
			sourceTree = "<group>";
		};
/* End PBXGroup section */

/* Begin PBXNativeTarget section */
		1186D2D41816D210000DF33C /* ScrabbleQ */ = {
			isa = PBXNativeTarget;
			buildConfigurationList = 1186D2F81816D210000DF33C /* Build configuration list for PBXNativeTarget "ScrabbleQ" */;
			buildPhases = (
				1186D2D11816D210000DF33C /* Sources */,
				1186D2D21816D210000DF33C /* Frameworks */,
				1186D2D31816D210000DF33C /* Resources */,
			);
			buildRules = (
			);
			dependencies = (
			);
			name = ScrabbleQ;
			productName = ScrabbleQ;
			productReference = 1186D2D51816D210000DF33C /* ScrabbleQ.app */;
			productType = "com.apple.product-type.application";
		};
/* End PBXNativeTarget section */

/* Begin PBXProject section */
		1186D2CD1816D210000DF33C /* Project object */ = {
			isa = PBXProject;
			attributes = {
				CLASSPREFIX = MAD;
				LastUpgradeCheck = 0460;
				ORGANIZATIONNAME = sdrodrig;
			};
			buildConfigurationList = 1186D2D01816D210000DF33C /* Build configuration list for PBXProject "ScrabbleQ" */;
			compatibilityVersion = "Xcode 3.2";
			developmentRegion = English;
			hasScannedForEncodings = 0;
			knownRegions = (
				en,
			);
			mainGroup = 1186D2CC1816D210000DF33C;
			productRefGroup = 1186D2D61816D210000DF33C /* Products */;
			projectDirPath = "";
			projectRoot = "";
			targets = (
				1186D2D41816D210000DF33C /* ScrabbleQ */,
			);
		};
/* End PBXProject section */

/* Begin PBXResourcesBuildPhase section */
		1186D2D31816D210000DF33C /* Resources */ = {
			isa = PBXResourcesBuildPhase;
			buildActionMask = 2147483647;
			files = (
				1186D2E31816D210000DF33C /* InfoPlist.strings in Resources */,
				1186D2EB1816D210000DF33C /* Default.png in Resources */,
				1186D2ED1816D210000DF33C /* Default@2x.png in Resources */,
				1186D2EF1816D210000DF33C /* Default-568h@2x.png in Resources */,
				1186D2F21816D210000DF33C /* MainStoryboard.storyboard in Resources */,
				1186D2FC1816D2C0000DF33C /* icon.png in Resources */,
				1186D2FE1816D2C4000DF33C /* icon2.png in Resources */,
				1186D3001816D323000DF33C /* scrabbletile30.png in Resources */,
				1186D3021816D337000DF33C /* qwordswithoutu1.plist in Resources */,
				1186D3041816D341000DF33C /* qwordswithoutu2.plist in Resources */,
			);
			runOnlyForDeploymentPostprocessing = 0;
		};
/* End PBXResourcesBuildPhase section */

/* Begin PBXSourcesBuildPhase section */
		1186D2D11816D210000DF33C /* Sources */ = {
			isa = PBXSourcesBuildPhase;
			buildActionMask = 2147483647;
			files = (
				1186D2E51816D210000DF33C /* main.m in Sources */,
				1186D2E91816D210000DF33C /* MADAppDelegate.m in Sources */,
				1186D2F51816D210000DF33C /* MADViewController.m in Sources */,
			);
			runOnlyForDeploymentPostprocessing = 0;
		};
/* End PBXSourcesBuildPhase section */

/* Begin PBXVariantGroup section */
		1186D2E11816D210000DF33C /* InfoPlist.strings */ = {
			isa = PBXVariantGroup;
			children = (
				1186D2E21816D210000DF33C /* en */,
			);
			name = InfoPlist.strings;
			sourceTree = "<group>";
		};
		1186D2F01816D210000DF33C /* MainStoryboard.storyboard */ = {
			isa = PBXVariantGroup;
			children = (
				1186D2F11816D210000DF33C /* en */,
			);
			name = MainStoryboard.storyboard;
			sourceTree = "<group>";
		};
/* End PBXVariantGroup section */

/* Begin XCBuildConfiguration section */
		1186D2F61816D210000DF33C /* Debug */ = {
			isa = XCBuildConfiguration;
			buildSettings = {
				ALWAYS_SEARCH_USER_PATHS = NO;
				CLANG_CXX_LANGUAGE_STANDARD = "gnu++0x";
				CLANG_CXX_LIBRARY = "libc++";
				CLANG_ENABLE_OBJC_ARC = YES;
				CLANG_WARN_CONSTANT_CONVERSION = YES;
				CLANG_WARN_EMPTY_BODY = YES;
				CLANG_WARN_ENUM_CONVERSION = YES;
				CLANG_WARN_INT_CONVERSION = YES;
				CLANG_WARN__DUPLICATE_METHOD_MATCH = YES;
				"CODE_SIGN_IDENTITY[sdk=iphoneos*]" = "iPhone Developer";
				COPY_PHASE_STRIP = NO;
				GCC_C_LANGUAGE_STANDARD = gnu99;
				GCC_DYNAMIC_NO_PIC = NO;
				GCC_OPTIMIZATION_LEVEL = 0;
				GCC_PREPROCESSOR_DEFINITIONS = (
					"DEBUG=1",
					"$(inherited)",
				);
				GCC_SYMBOLS_PRIVATE_EXTERN = NO;
				GCC_WARN_ABOUT_RETURN_TYPE = YES;
				GCC_WARN_UNINITIALIZED_AUTOS = YES;
				GCC_WARN_UNUSED_VARIABLE = YES;
				IPHONEOS_DEPLOYMENT_TARGET = 6.1;
				ONLY_ACTIVE_ARCH = YES;
				SDKROOT = iphoneos;
			};
			name = Debug;
		};
		1186D2F71816D210000DF33C /* Release */ = {
			isa = XCBuildConfiguration;
			buildSettings = {
				ALWAYS_SEARCH_USER_PATHS = NO;
				CLANG_CXX_LANGUAGE_STANDARD = "gnu++0x";
				CLANG_CXX_LIBRARY = "libc++";
				CLANG_ENABLE_OBJC_ARC = YES;
				CLANG_WARN_CONSTANT_CONVERSION = YES;
				CLANG_WARN_EMPTY_BODY = YES;
				CLANG_WARN_ENUM_CONVERSION = YES;
				CLANG_WARN_INT_CONVERSION = YES;
				CLANG_WARN__DUPLICATE_METHOD_MATCH = YES;
				"CODE_SIGN_IDENTITY[sdk=iphoneos*]" = "iPhone Developer";
				COPY_PHASE_STRIP = YES;
				GCC_C_LANGUAGE_STANDARD = gnu99;
				GCC_WARN_ABOUT_RETURN_TYPE = YES;
				GCC_WARN_UNINITIALIZED_AUTOS = YES;
				GCC_WARN_UNUSED_VARIABLE = YES;
				IPHONEOS_DEPLOYMENT_TARGET = 6.1;
				OTHER_CFLAGS = "-DNS_BLOCK_ASSERTIONS=1";
				SDKROOT = iphoneos;
				VALIDATE_PRODUCT = YES;
			};
			name = Release;
		};
		1186D2F91816D210000DF33C /* Debug */ = {
			isa = XCBuildConfiguration;
			buildSettings = {
				GCC_PRECOMPILE_PREFIX_HEADER = YES;
				GCC_PREFIX_HEADER = "ScrabbleQ/ScrabbleQ-Prefix.pch";
				INFOPLIST_FILE = "ScrabbleQ/ScrabbleQ-Info.plist";
				PRODUCT_NAME = "$(TARGET_NAME)";
				WRAPPER_EXTENSION = app;
			};
			name = Debug;
		};
		1186D2FA1816D210000DF33C /* Release */ = {
			isa = XCBuildConfiguration;
			buildSettings = {
				GCC_PRECOMPILE_PREFIX_HEADER = YES;
				GCC_PREFIX_HEADER = "ScrabbleQ/ScrabbleQ-Prefix.pch";
				INFOPLIST_FILE = "ScrabbleQ/ScrabbleQ-Info.plist";
				PRODUCT_NAME = "$(TARGET_NAME)";
				WRAPPER_EXTENSION = app;
			};
			name = Release;
		};
/* End XCBuildConfiguration section */

/* Begin XCConfigurationList section */
		1186D2D01816D210000DF33C /* Build configuration list for PBXProject "ScrabbleQ" */ = {
			isa = XCConfigurationList;
			buildConfigurations = (
				1186D2F61816D210000DF33C /* Debug */,
				1186D2F71816D210000DF33C /* Release */,
			);
			defaultConfigurationIsVisible = 0;
			defaultConfigurationName = Release;
		};
		1186D2F81816D210000DF33C /* Build configuration list for PBXNativeTarget "ScrabbleQ" */ = {
			isa = XCConfigurationList;
			buildConfigurations = (
				1186D2F91816D210000DF33C /* Debug */,
				1186D2FA1816D210000DF33C /* Release */,
			);
			defaultConfigurationIsVisible = 0;
		};
/* End XCConfigurationList section */
	};
	rootObject = 1186D2CD1816D210000DF33C /* Project object */;
}
